
Microsoft Visual Studio Solution File, Format Version 12.00
# Visual Studio 15
VisualStudioVersion = 15.0.28010.2026
MinimumVisualStudioVersion = 10.0.40219.1
Project("{FAE04EC0-301F-11D3-BF4B-00C04F79EFBC}") = "FibonacciTest", "FibonacciTest\FibonacciTest.csproj", "{38C020AD-721F-4AA8-97E5-7BB2AA018AFA}"
EndProject
Global
	GlobalSection(SolutionConfigurationPlatforms) = preSolution
		Debug|Any CPU = Debug|Any CPU
		Release|Any CPU = Release|Any CPU
	EndGlobalSection
	GlobalSection(ProjectConfigurationPlatforms) = postSolution
		{38C020AD-721F-4AA8-97E5-7BB2AA018AFA}.Debug|Any CPU.ActiveCfg = Debug|Any CPU
		{38C020AD-721F-4AA8-97E5-7BB2AA018AFA}.Debug|Any CPU.Build.0 = Debug|Any CPU
		{38C020AD-721F-4AA8-97E5-7BB2AA018AFA}.Release|Any CPU.ActiveCfg = Release|Any CPU
		{38C020AD-721F-4AA8-97E5-7BB2AA018AFA}.Release|Any CPU.Build.0 = Release|Any CPU
	EndGlobalSection
	GlobalSection(SolutionProperties) = preSolution
		HideSolutionNode = FALSE
	EndGlobalSection
	GlobalSection(ExtensibilityGlobals) = postSolution
		SolutionGuid = {5D1AAC37-D12C-4FDE-A73C-B4C5105DF004}
	EndGlobalSection
EndGlobal
